schema: '2.0'
stages:
  load_data:
    cmd: python src/load_data.py --config=params.yaml
    deps:
    - path: given_data/winequality.csv
      md5: ccc8d3507eb151f53f760d36abdef888
      size: 91998
    - path: src/get_data.py
      md5: 0a5fb9db48cacb261798a5af4f2d8360
      size: 613
    - path: src/load_data.py
      md5: 5cc5941570e63595ce0dbaf527b72c36
      size: 590
    outs:
    - path: data/raw/winequality.csv
      md5: dcb9f7736a81b73cf4cf803b5ef3f07e
      size: 102550
